
Microsoft Visual Studio Solution File, Format Version 12.00
# Visual Studio Version 17
VisualStudioVersion = 17.5.33627.172
MinimumVisualStudioVersion = 10.0.40219.1
Project("{2150E333-8FDC-42A3-9474-1A3956D46DE8}") = "src", "src", "{026AB80D-87F3-45C8-8207-F767EB934A4D}"
EndProject
Project("{9A19103F-16F7-4668-BE54-9A1E7A4F7556}") = "Messenger.Api", "Messenger.Api\Messenger.Api.csproj", "{F15EDABE-C5D1-4A1B-B123-05A970C58B44}"
EndProject
Project("{2150E333-8FDC-42A3-9474-1A3956D46DE8}") = "01. Api", "01. Api", "{CC01593A-D676-41CB-BC05-29259CB3A483}"
EndProject
Project("{2150E333-8FDC-42A3-9474-1A3956D46DE8}") = "02. Domain", "02. Domain", "{63003517-30AA-41F2-A17A-75FF3D94D25C}"
EndProject
Project("{2150E333-8FDC-42A3-9474-1A3956D46DE8}") = "03. Transversal", "03. Transversal", "{1FD82C23-5172-48D2-8FAA-F581B1E857E1}"
EndProject
Project("{9A19103F-16F7-4668-BE54-9A1E7A4F7556}") = "Messenger.Domain.Services", "Messenger.Domain.Services\Messenger.Domain.Services.csproj", "{A73DEFE3-C08E-42FF-B551-5E3A1AC640F8}"
EndProject
Project("{9A19103F-16F7-4668-BE54-9A1E7A4F7556}") = "Messenger.Domain.Business", "Messenger.Domain.Business\Messenger.Domain.Business.csproj", "{8EB2199F-D987-490C-9FBE-4A5FB7B4CA28}"
EndProject
Project("{2150E333-8FDC-42A3-9474-1A3956D46DE8}") = "05. UnitTest", "05. UnitTest", "{03CEA7E5-E835-4289-93BF-241936574AB5}"
EndProject
Project("{9A19103F-16F7-4668-BE54-9A1E7A4F7556}") = "Messenger.UnitTest", "Messenger.UnitTest\Messenger.UnitTest.csproj", "{E572227B-B52B-424D-AEC6-93CD410C8D1C}"
EndProject
Global
	GlobalSection(SolutionConfigurationPlatforms) = preSolution
		Debug|Any CPU = Debug|Any CPU
		Release|Any CPU = Release|Any CPU
	EndGlobalSection
	GlobalSection(ProjectConfigurationPlatforms) = postSolution
		{F15EDABE-C5D1-4A1B-B123-05A970C58B44}.Debug|Any CPU.ActiveCfg = Debug|Any CPU
		{F15EDABE-C5D1-4A1B-B123-05A970C58B44}.Debug|Any CPU.Build.0 = Debug|Any CPU
		{F15EDABE-C5D1-4A1B-B123-05A970C58B44}.Release|Any CPU.ActiveCfg = Release|Any CPU
		{F15EDABE-C5D1-4A1B-B123-05A970C58B44}.Release|Any CPU.Build.0 = Release|Any CPU
		{A73DEFE3-C08E-42FF-B551-5E3A1AC640F8}.Debug|Any CPU.ActiveCfg = Debug|Any CPU
		{A73DEFE3-C08E-42FF-B551-5E3A1AC640F8}.Debug|Any CPU.Build.0 = Debug|Any CPU
		{A73DEFE3-C08E-42FF-B551-5E3A1AC640F8}.Release|Any CPU.ActiveCfg = Release|Any CPU
		{A73DEFE3-C08E-42FF-B551-5E3A1AC640F8}.Release|Any CPU.Build.0 = Release|Any CPU
		{8EB2199F-D987-490C-9FBE-4A5FB7B4CA28}.Debug|Any CPU.ActiveCfg = Debug|Any CPU
		{8EB2199F-D987-490C-9FBE-4A5FB7B4CA28}.Debug|Any CPU.Build.0 = Debug|Any CPU
		{8EB2199F-D987-490C-9FBE-4A5FB7B4CA28}.Release|Any CPU.ActiveCfg = Release|Any CPU
		{8EB2199F-D987-490C-9FBE-4A5FB7B4CA28}.Release|Any CPU.Build.0 = Release|Any CPU
		{E572227B-B52B-424D-AEC6-93CD410C8D1C}.Debug|Any CPU.ActiveCfg = Debug|Any CPU
		{E572227B-B52B-424D-AEC6-93CD410C8D1C}.Debug|Any CPU.Build.0 = Debug|Any CPU
		{E572227B-B52B-424D-AEC6-93CD410C8D1C}.Release|Any CPU.ActiveCfg = Release|Any CPU
		{E572227B-B52B-424D-AEC6-93CD410C8D1C}.Release|Any CPU.Build.0 = Release|Any CPU
	EndGlobalSection
	GlobalSection(SolutionProperties) = preSolution
		HideSolutionNode = FALSE
	EndGlobalSection
	GlobalSection(NestedProjects) = preSolution
		{F15EDABE-C5D1-4A1B-B123-05A970C58B44} = {CC01593A-D676-41CB-BC05-29259CB3A483}
		{CC01593A-D676-41CB-BC05-29259CB3A483} = {026AB80D-87F3-45C8-8207-F767EB934A4D}
		{63003517-30AA-41F2-A17A-75FF3D94D25C} = {026AB80D-87F3-45C8-8207-F767EB934A4D}
		{1FD82C23-5172-48D2-8FAA-F581B1E857E1} = {026AB80D-87F3-45C8-8207-F767EB934A4D}
		{A73DEFE3-C08E-42FF-B551-5E3A1AC640F8} = {63003517-30AA-41F2-A17A-75FF3D94D25C}
		{8EB2199F-D987-490C-9FBE-4A5FB7B4CA28} = {63003517-30AA-41F2-A17A-75FF3D94D25C}
		{03CEA7E5-E835-4289-93BF-241936574AB5} = {026AB80D-87F3-45C8-8207-F767EB934A4D}
		{E572227B-B52B-424D-AEC6-93CD410C8D1C} = {03CEA7E5-E835-4289-93BF-241936574AB5}
	EndGlobalSection
	GlobalSection(ExtensibilityGlobals) = postSolution
		SolutionGuid = {B0FF7497-7620-4B3E-93EE-BA9C01884763}
	EndGlobalSection
EndGlobal
